# THIS IS AN AUTOGENERATED FILE. DO NOT EDIT THIS FILE DIRECTLY.
# yarn lockfile v1


"@hyperapp/html@^1.1.1":
  version "1.1.1"
  resolved "https://registry.yarnpkg.com/@hyperapp/html/-/html-1.1.1.tgz#8040666e8f935eed95f2034f443cc8768866d992"
  integrity sha512-jRlz/ED0y/pAseqAwKlJxdy78Lf7AEeykOGeYxnGE1TY0tF4SgVW53Sh72QJoGWZmrgtcHN6wKPZAmEenDCsgQ==

hyperapp@^2.0.0-beta.22:
  version "2.0.0-beta.22"
  resolved "https://registry.yarnpkg.com/hyperapp/-/hyperapp-2.0.0-beta.22.tgz#2e5ab48e8ab5718b83823ceb42bcdf60defd7ad2"
  integrity sha512-vs+uG4LXKaUgw6mOjB/PfkBD8WAsBULJNKXIHgjP2sdB8CRXUiCJM2BEtSIXkW0OvqHDMRaFbeo6oHi+W69JNg==
